// !$*UTF8*$!
{
	archiveVersion = 1;
	classes = {
	};
	objectVersion = 55;
	objects = {

/* Begin PBXBuildFile section */
		C4988E3F2878543100E58182 /* CKRecord+Ext.swift in Sources */ = {isa = PBXBuildFile; fileRef = C4988E3E2878543100E58182 /* CKRecord+Ext.swift */; };
		C4988E41287855D500E58182 /* AlertItem.swift in Sources */ = {isa = PBXBuildFile; fileRef = C4988E40287855D500E58182 /* AlertItem.swift */; };
		C4E094AB281C1B830016A1D7 /* DDGLocation.swift in Sources */ = {isa = PBXBuildFile; fileRef = C4E094AA281C1B830016A1D7 /* DDGLocation.swift */; };
		C4E85BA2281C1EDC00DF6AA8 /* DDGProfile.swift in Sources */ = {isa = PBXBuildFile; fileRef = C4E85BA1281C1EDB00DF6AA8 /* DDGProfile.swift */; };
		C4E85BA4281C1EF400DF6AA8 /* MockData.swift in Sources */ = {isa = PBXBuildFile; fileRef = C4E85BA3281C1EF400DF6AA8 /* MockData.swift */; };
		C4E85BA7281C23ED00DF6AA8 /* CloudKitManager.swift in Sources */ = {isa = PBXBuildFile; fileRef = C4E85BA6281C23ED00DF6AA8 /* CloudKitManager.swift */; };
		C4E85BA9281C244200DF6AA8 /* Constants.swift in Sources */ = {isa = PBXBuildFile; fileRef = C4E85BA8281C244200DF6AA8 /* Constants.swift */; };
		F49079FA27E4A40D008EA198 /* DubDubGrubApp.swift in Sources */ = {isa = PBXBuildFile; fileRef = F49079F927E4A40D008EA198 /* DubDubGrubApp.swift */; };
		F49079FE27E4A411008EA198 /* Assets.xcassets in Resources */ = {isa = PBXBuildFile; fileRef = F49079FD27E4A411008EA198 /* Assets.xcassets */; };
		F4907A0127E4A411008EA198 /* Preview Assets.xcassets in Resources */ = {isa = PBXBuildFile; fileRef = F4907A0027E4A411008EA198 /* Preview Assets.xcassets */; };
		F4907A0B27E4A411008EA198 /* DubDubGrubTests.swift in Sources */ = {isa = PBXBuildFile; fileRef = F4907A0A27E4A411008EA198 /* DubDubGrubTests.swift */; };
		F4907A1527E4A411008EA198 /* DubDubGrubUITests.swift in Sources */ = {isa = PBXBuildFile; fileRef = F4907A1427E4A411008EA198 /* DubDubGrubUITests.swift */; };
		F4907A1727E4A411008EA198 /* DubDubGrubUITestsLaunchTests.swift in Sources */ = {isa = PBXBuildFile; fileRef = F4907A1627E4A411008EA198 /* DubDubGrubUITestsLaunchTests.swift */; };
		F4907A2627E4A49D008EA198 /* CloudKit.framework in Frameworks */ = {isa = PBXBuildFile; fileRef = F4907A2527E4A49D008EA198 /* CloudKit.framework */; };
		F4907A2827E4A6B8008EA198 /* Color+Ext.swift in Sources */ = {isa = PBXBuildFile; fileRef = F4907A2727E4A6B8008EA198 /* Color+Ext.swift */; };
		F4907A2A27E4A72B008EA198 /* AppTabView.swift in Sources */ = {isa = PBXBuildFile; fileRef = F4907A2927E4A72B008EA198 /* AppTabView.swift */; };
		F4907A2C27E4A763008EA198 /* LocationMapView.swift in Sources */ = {isa = PBXBuildFile; fileRef = F4907A2B27E4A763008EA198 /* LocationMapView.swift */; };
		F4907A2E27E4A782008EA198 /* LocationListView.swift in Sources */ = {isa = PBXBuildFile; fileRef = F4907A2D27E4A782008EA198 /* LocationListView.swift */; };
		F4907A3027E4A791008EA198 /* ProfileView.swift in Sources */ = {isa = PBXBuildFile; fileRef = F4907A2F27E4A791008EA198 /* ProfileView.swift */; };
		F4907A3227E4C6DA008EA198 /* LocationDetailView.swift in Sources */ = {isa = PBXBuildFile; fileRef = F4907A3127E4C6DA008EA198 /* LocationDetailView.swift */; };
		F4907A3427E4E28C008EA198 /* AvatarView.swift in Sources */ = {isa = PBXBuildFile; fileRef = F4907A3327E4E28C008EA198 /* AvatarView.swift */; };
		F4907A3627E4E2C7008EA198 /* LocationCell.swift in Sources */ = {isa = PBXBuildFile; fileRef = F4907A3527E4E2C7008EA198 /* LocationCell.swift */; };
		F4907A3827E4E500008EA198 /* CustomModifiers.swift in Sources */ = {isa = PBXBuildFile; fileRef = F4907A3727E4E500008EA198 /* CustomModifiers.swift */; };
		F4907A3A27E4E532008EA198 /* View+Ext.swift in Sources */ = {isa = PBXBuildFile; fileRef = F4907A3927E4E532008EA198 /* View+Ext.swift */; };
		F4907A3C27E4E68F008EA198 /* DDBButton.swift in Sources */ = {isa = PBXBuildFile; fileRef = F4907A3B27E4E68F008EA198 /* DDBButton.swift */; };
/* End PBXBuildFile section */

/* Begin PBXContainerItemProxy section */
		F4907A0727E4A411008EA198 /* PBXContainerItemProxy */ = {
			isa = PBXContainerItemProxy;
			containerPortal = F49079EE27E4A40C008EA198 /* Project object */;
			proxyType = 1;
			remoteGlobalIDString = F49079F527E4A40D008EA198;
			remoteInfo = DubDubGrub;
		};
		F4907A1127E4A411008EA198 /* PBXContainerItemProxy */ = {
			isa = PBXContainerItemProxy;
			containerPortal = F49079EE27E4A40C008EA198 /* Project object */;
			proxyType = 1;
			remoteGlobalIDString = F49079F527E4A40D008EA198;
			remoteInfo = DubDubGrub;
		};
/* End PBXContainerItemProxy section */

/* Begin PBXFileReference section */
		C4988E3E2878543100E58182 /* CKRecord+Ext.swift */ = {isa = PBXFileReference; lastKnownFileType = sourcecode.swift; path = "CKRecord+Ext.swift"; sourceTree = "<group>"; };
		C4988E40287855D500E58182 /* AlertItem.swift */ = {isa = PBXFileReference; lastKnownFileType = sourcecode.swift; path = AlertItem.swift; sourceTree = "<group>"; };
		C4E094AA281C1B830016A1D7 /* DDGLocation.swift */ = {isa = PBXFileReference; lastKnownFileType = sourcecode.swift; path = DDGLocation.swift; sourceTree = "<group>"; };
		C4E85BA1281C1EDB00DF6AA8 /* DDGProfile.swift */ = {isa = PBXFileReference; lastKnownFileType = sourcecode.swift; path = DDGProfile.swift; sourceTree = "<group>"; };
		C4E85BA3281C1EF400DF6AA8 /* MockData.swift */ = {isa = PBXFileReference; lastKnownFileType = sourcecode.swift; path = MockData.swift; sourceTree = "<group>"; };
		C4E85BA6281C23ED00DF6AA8 /* CloudKitManager.swift */ = {isa = PBXFileReference; lastKnownFileType = sourcecode.swift; path = CloudKitManager.swift; sourceTree = "<group>"; };
		C4E85BA8281C244200DF6AA8 /* Constants.swift */ = {isa = PBXFileReference; lastKnownFileType = sourcecode.swift; path = Constants.swift; sourceTree = "<group>"; };
		F49079F627E4A40D008EA198 /* DubDubGrub.app */ = {isa = PBXFileReference; explicitFileType = wrapper.application; includeInIndex = 0; path = DubDubGrub.app; sourceTree = BUILT_PRODUCTS_DIR; };
		F49079F927E4A40D008EA198 /* DubDubGrubApp.swift */ = {isa = PBXFileReference; lastKnownFileType = sourcecode.swift; path = DubDubGrubApp.swift; sourceTree = "<group>"; };
		F49079FD27E4A411008EA198 /* Assets.xcassets */ = {isa = PBXFileReference; lastKnownFileType = folder.assetcatalog; path = Assets.xcassets; sourceTree = "<group>"; };
		F4907A0027E4A411008EA198 /* Preview Assets.xcassets */ = {isa = PBXFileReference; lastKnownFileType = folder.assetcatalog; path = "Preview Assets.xcassets"; sourceTree = "<group>"; };
		F4907A0627E4A411008EA198 /* DubDubGrubTests.xctest */ = {isa = PBXFileReference; explicitFileType = wrapper.cfbundle; includeInIndex = 0; path = DubDubGrubTests.xctest; sourceTree = BUILT_PRODUCTS_DIR; };
		F4907A0A27E4A411008EA198 /* DubDubGrubTests.swift */ = {isa = PBXFileReference; lastKnownFileType = sourcecode.swift; path = DubDubGrubTests.swift; sourceTree = "<group>"; };
		F4907A1027E4A411008EA198 /* DubDubGrubUITests.xctest */ = {isa = PBXFileReference; explicitFileType = wrapper.cfbundle; includeInIndex = 0; path = DubDubGrubUITests.xctest; sourceTree = BUILT_PRODUCTS_DIR; };
		F4907A1427E4A411008EA198 /* DubDubGrubUITests.swift */ = {isa = PBXFileReference; lastKnownFileType = sourcecode.swift; path = DubDubGrubUITests.swift; sourceTree = "<group>"; };
		F4907A1627E4A411008EA198 /* DubDubGrubUITestsLaunchTests.swift */ = {isa = PBXFileReference; lastKnownFileType = sourcecode.swift; path = DubDubGrubUITestsLaunchTests.swift; sourceTree = "<group>"; };
		F4907A2327E4A468008EA198 /* DubDubGrub.entitlements */ = {isa = PBXFileReference; lastKnownFileType = text.plist.entitlements; path = DubDubGrub.entitlements; sourceTree = "<group>"; };
		F4907A2527E4A49D008EA198 /* CloudKit.framework */ = {isa = PBXFileReference; lastKnownFileType = wrapper.framework; name = CloudKit.framework; path = System/Library/Frameworks/CloudKit.framework; sourceTree = SDKROOT; };
		F4907A2727E4A6B8008EA198 /* Color+Ext.swift */ = {isa = PBXFileReference; lastKnownFileType = sourcecode.swift; path = "Color+Ext.swift"; sourceTree = "<group>"; };
		F4907A2927E4A72B008EA198 /* AppTabView.swift */ = {isa = PBXFileReference; lastKnownFileType = sourcecode.swift; path = AppTabView.swift; sourceTree = "<group>"; };
		F4907A2B27E4A763008EA198 /* LocationMapView.swift */ = {isa = PBXFileReference; lastKnownFileType = sourcecode.swift; path = LocationMapView.swift; sourceTree = "<group>"; };
		F4907A2D27E4A782008EA198 /* LocationListView.swift */ = {isa = PBXFileReference; lastKnownFileType = sourcecode.swift; path = LocationListView.swift; sourceTree = "<group>"; };
		F4907A2F27E4A791008EA198 /* ProfileView.swift */ = {isa = PBXFileReference; lastKnownFileType = sourcecode.swift; path = ProfileView.swift; sourceTree = "<group>"; };
		F4907A3127E4C6DA008EA198 /* LocationDetailView.swift */ = {isa = PBXFileReference; lastKnownFileType = sourcecode.swift; path = LocationDetailView.swift; sourceTree = "<group>"; };
		F4907A3327E4E28C008EA198 /* AvatarView.swift */ = {isa = PBXFileReference; lastKnownFileType = sourcecode.swift; path = AvatarView.swift; sourceTree = "<group>"; };
		F4907A3527E4E2C7008EA198 /* LocationCell.swift */ = {isa = PBXFileReference; lastKnownFileType = sourcecode.swift; path = LocationCell.swift; sourceTree = "<group>"; };
		F4907A3727E4E500008EA198 /* CustomModifiers.swift */ = {isa = PBXFileReference; lastKnownFileType = sourcecode.swift; path = CustomModifiers.swift; sourceTree = "<group>"; };
		F4907A3927E4E532008EA198 /* View+Ext.swift */ = {isa = PBXFileReference; lastKnownFileType = sourcecode.swift; path = "View+Ext.swift"; sourceTree = "<group>"; };
		F4907A3B27E4E68F008EA198 /* DDBButton.swift */ = {isa = PBXFileReference; lastKnownFileType = sourcecode.swift; path = DDBButton.swift; sourceTree = "<group>"; };
/* End PBXFileReference section */

/* Begin PBXFrameworksBuildPhase section */
		F49079F327E4A40D008EA198 /* Frameworks */ = {
			isa = PBXFrameworksBuildPhase;
			buildActionMask = 2147483647;
			files = (
				F4907A2627E4A49D008EA198 /* CloudKit.framework in Frameworks */,
			);
			runOnlyForDeploymentPostprocessing = 0;
		};
		F4907A0327E4A411008EA198 /* Frameworks */ = {
			isa = PBXFrameworksBuildPhase;
			buildActionMask = 2147483647;
			files = (
			);
			runOnlyForDeploymentPostprocessing = 0;
		};
		F4907A0D27E4A411008EA198 /* Frameworks */ = {
			isa = PBXFrameworksBuildPhase;
			buildActionMask = 2147483647;
			files = (
			);
			runOnlyForDeploymentPostprocessing = 0;
		};
/* End PBXFrameworksBuildPhase section */

/* Begin PBXGroup section */
		C4E094A9281C1B680016A1D7 /* Model */ = {
			isa = PBXGroup;
			children = (
				C4E094AA281C1B830016A1D7 /* DDGLocation.swift */,
				C4E85BA1281C1EDB00DF6AA8 /* DDGProfile.swift */,
				C4E85BA3281C1EF400DF6AA8 /* MockData.swift */,
			);
			path = Model;
			sourceTree = "<group>";
		};
		C4E85BA5281C23E100DF6AA8 /* Utilties */ = {
			isa = PBXGroup;
			children = (
				F4907A3D27E4EA43008EA198 /* Extensions */,
				C4E85BA6281C23ED00DF6AA8 /* CloudKitManager.swift */,
				C4E85BA8281C244200DF6AA8 /* Constants.swift */,
				C4988E40287855D500E58182 /* AlertItem.swift */,
			);
			path = Utilties;
			sourceTree = "<group>";
		};
		F49079ED27E4A40C008EA198 = {
			isa = PBXGroup;
			children = (
				F49079F827E4A40D008EA198 /* DubDubGrub */,
				F4907A0927E4A411008EA198 /* DubDubGrubTests */,
				F4907A1327E4A411008EA198 /* DubDubGrubUITests */,
				F49079F727E4A40D008EA198 /* Products */,
				F4907A2427E4A49D008EA198 /* Frameworks */,
			);
			sourceTree = "<group>";
		};
		F49079F727E4A40D008EA198 /* Products */ = {
			isa = PBXGroup;
			children = (
				F49079F627E4A40D008EA198 /* DubDubGrub.app */,
				F4907A0627E4A411008EA198 /* DubDubGrubTests.xctest */,
				F4907A1027E4A411008EA198 /* DubDubGrubUITests.xctest */,
			);
			name = Products;
			sourceTree = "<group>";
		};
		F49079F827E4A40D008EA198 /* DubDubGrub */ = {
			isa = PBXGroup;
			children = (
				C4E85BA5281C23E100DF6AA8 /* Utilties */,
				C4E094A9281C1B680016A1D7 /* Model */,
				F4907A3E27E4EA5D008EA198 /* Views */,
				F4907A2327E4A468008EA198 /* DubDubGrub.entitlements */,
				F49079F927E4A40D008EA198 /* DubDubGrubApp.swift */,
				F49079FD27E4A411008EA198 /* Assets.xcassets */,
				F49079FF27E4A411008EA198 /* Preview Content */,
			);
			path = DubDubGrub;
			sourceTree = "<group>";
		};
		F49079FF27E4A411008EA198 /* Preview Content */ = {
			isa = PBXGroup;
			children = (
				F4907A0027E4A411008EA198 /* Preview Assets.xcassets */,
			);
			path = "Preview Content";
			sourceTree = "<group>";
		};
		F4907A0927E4A411008EA198 /* DubDubGrubTests */ = {
			isa = PBXGroup;
			children = (
				F4907A0A27E4A411008EA198 /* DubDubGrubTests.swift */,
			);
			path = DubDubGrubTests;
			sourceTree = "<group>";
		};
		F4907A1327E4A411008EA198 /* DubDubGrubUITests */ = {
			isa = PBXGroup;
			children = (
				F4907A1427E4A411008EA198 /* DubDubGrubUITests.swift */,
				F4907A1627E4A411008EA198 /* DubDubGrubUITestsLaunchTests.swift */,
			);
			path = DubDubGrubUITests;
			sourceTree = "<group>";
		};
		F4907A2427E4A49D008EA198 /* Frameworks */ = {
			isa = PBXGroup;
			children = (
				F4907A2527E4A49D008EA198 /* CloudKit.framework */,
			);
			name = Frameworks;
			sourceTree = "<group>";
		};
		F4907A3D27E4EA43008EA198 /* Extensions */ = {
			isa = PBXGroup;
			children = (
				F4907A2727E4A6B8008EA198 /* Color+Ext.swift */,
				F4907A3927E4E532008EA198 /* View+Ext.swift */,
				C4988E3E2878543100E58182 /* CKRecord+Ext.swift */,
			);
			path = Extensions;
			sourceTree = "<group>";
		};
		F4907A3E27E4EA5D008EA198 /* Views */ = {
			isa = PBXGroup;
			children = (
				F4907A3727E4E500008EA198 /* CustomModifiers.swift */,
				F4907A4127E4EA98008EA198 /* CustomViews */,
				F4907A4027E4EA88008EA198 /* Cells */,
				F4907A3F27E4EA64008EA198 /* Screens */,
			);
			path = Views;
			sourceTree = "<group>";
		};
		F4907A3F27E4EA64008EA198 /* Screens */ = {
			isa = PBXGroup;
			children = (
				F4907A2927E4A72B008EA198 /* AppTabView.swift */,
				F4907A2B27E4A763008EA198 /* LocationMapView.swift */,
				F4907A2D27E4A782008EA198 /* LocationListView.swift */,
				F4907A2F27E4A791008EA198 /* ProfileView.swift */,
				F4907A3127E4C6DA008EA198 /* LocationDetailView.swift */,
			);
			path = Screens;
			sourceTree = "<group>";
		};
		F4907A4027E4EA88008EA198 /* Cells */ = {
			isa = PBXGroup;
			children = (
				F4907A3527E4E2C7008EA198 /* LocationCell.swift */,
			);
			path = Cells;
			sourceTree = "<group>";
		};
		F4907A4127E4EA98008EA198 /* CustomViews */ = {
			isa = PBXGroup;
			children = (
				F4907A3327E4E28C008EA198 /* AvatarView.swift */,
				F4907A3B27E4E68F008EA198 /* DDBButton.swift */,
			);
			path = CustomViews;
			sourceTree = "<group>";
		};
/* End PBXGroup section */

/* Begin PBXNativeTarget section */
		F49079F527E4A40D008EA198 /* DubDubGrub */ = {
			isa = PBXNativeTarget;
			buildConfigurationList = F4907A1A27E4A411008EA198 /* Build configuration list for PBXNativeTarget "DubDubGrub" */;
			buildPhases = (
				F49079F227E4A40D008EA198 /* Sources */,
				F49079F327E4A40D008EA198 /* Frameworks */,
				F49079F427E4A40D008EA198 /* Resources */,
			);
			buildRules = (
			);
			dependencies = (
			);
			name = DubDubGrub;
			productName = DubDubGrub;
			productReference = F49079F627E4A40D008EA198 /* DubDubGrub.app */;
			productType = "com.apple.product-type.application";
		};
		F4907A0527E4A411008EA198 /* DubDubGrubTests */ = {
			isa = PBXNativeTarget;
			buildConfigurationList = F4907A1D27E4A411008EA198 /* Build configuration list for PBXNativeTarget "DubDubGrubTests" */;
			buildPhases = (
				F4907A0227E4A411008EA198 /* Sources */,
				F4907A0327E4A411008EA198 /* Frameworks */,
				F4907A0427E4A411008EA198 /* Resources */,
			);
			buildRules = (
			);
			dependencies = (
				F4907A0827E4A411008EA198 /* PBXTargetDependency */,
			);
			name = DubDubGrubTests;
			productName = DubDubGrubTests;
			productReference = F4907A0627E4A411008EA198 /* DubDubGrubTests.xctest */;
			productType = "com.apple.product-type.bundle.unit-test";
		};
		F4907A0F27E4A411008EA198 /* DubDubGrubUITests */ = {
			isa = PBXNativeTarget;
			buildConfigurationList = F4907A2027E4A411008EA198 /* Build configuration list for PBXNativeTarget "DubDubGrubUITests" */;
			buildPhases = (
				F4907A0C27E4A411008EA198 /* Sources */,
				F4907A0D27E4A411008EA198 /* Frameworks */,
				F4907A0E27E4A411008EA198 /* Resources */,
			);
			buildRules = (
			);
			dependencies = (
				F4907A1227E4A411008EA198 /* PBXTargetDependency */,
			);
			name = DubDubGrubUITests;
			productName = DubDubGrubUITests;
			productReference = F4907A1027E4A411008EA198 /* DubDubGrubUITests.xctest */;
			productType = "com.apple.product-type.bundle.ui-testing";
		};
/* End PBXNativeTarget section */

/* Begin PBXProject section */
		F49079EE27E4A40C008EA198 /* Project object */ = {
			isa = PBXProject;
			attributes = {
				BuildIndependentTargetsInParallel = 1;
				LastSwiftUpdateCheck = 1330;
				LastUpgradeCheck = 1330;
				TargetAttributes = {
					F49079F527E4A40D008EA198 = {
						CreatedOnToolsVersion = 13.3;
					};
					F4907A0527E4A411008EA198 = {
						CreatedOnToolsVersion = 13.3;
						TestTargetID = F49079F527E4A40D008EA198;
					};
					F4907A0F27E4A411008EA198 = {
						CreatedOnToolsVersion = 13.3;
						TestTargetID = F49079F527E4A40D008EA198;
					};
				};
			};
			buildConfigurationList = F49079F127E4A40C008EA198 /* Build configuration list for PBXProject "DubDubGrub" */;
			compatibilityVersion = "Xcode 13.0";
			developmentRegion = en;
			hasScannedForEncodings = 0;
			knownRegions = (
				en,
				Base,
			);
			mainGroup = F49079ED27E4A40C008EA198;
			productRefGroup = F49079F727E4A40D008EA198 /* Products */;
			projectDirPath = "";
			projectRoot = "";
			targets = (
				F49079F527E4A40D008EA198 /* DubDubGrub */,
				F4907A0527E4A411008EA198 /* DubDubGrubTests */,
				F4907A0F27E4A411008EA198 /* DubDubGrubUITests */,
			);
		};
/* End PBXProject section */

/* Begin PBXResourcesBuildPhase section */
		F49079F427E4A40D008EA198 /* Resources */ = {
			isa = PBXResourcesBuildPhase;
			buildActionMask = 2147483647;
			files = (
				F4907A0127E4A411008EA198 /* Preview Assets.xcassets in Resources */,
				F49079FE27E4A411008EA198 /* Assets.xcassets in Resources */,
			);
			runOnlyForDeploymentPostprocessing = 0;
		};
		F4907A0427E4A411008EA198 /* Resources */ = {
			isa = PBXResourcesBuildPhase;
			buildActionMask = 2147483647;
			files = (
			);
			runOnlyForDeploymentPostprocessing = 0;
		};
		F4907A0E27E4A411008EA198 /* Resources */ = {
			isa = PBXResourcesBuildPhase;
			buildActionMask = 2147483647;
			files = (
			);
			runOnlyForDeploymentPostprocessing = 0;
		};
/* End PBXResourcesBuildPhase section */

/* Begin PBXSourcesBuildPhase section */
		F49079F227E4A40D008EA198 /* Sources */ = {
			isa = PBXSourcesBuildPhase;
			buildActionMask = 2147483647;
			files = (
				F49079FA27E4A40D008EA198 /* DubDubGrubApp.swift in Sources */,
				C4E85BA9281C244200DF6AA8 /* Constants.swift in Sources */,
				F4907A3827E4E500008EA198 /* CustomModifiers.swift in Sources */,
				F4907A2C27E4A763008EA198 /* LocationMapView.swift in Sources */,
				F4907A2E27E4A782008EA198 /* LocationListView.swift in Sources */,
				C4E85BA4281C1EF400DF6AA8 /* MockData.swift in Sources */,
				C4988E3F2878543100E58182 /* CKRecord+Ext.swift in Sources */,
				F4907A3227E4C6DA008EA198 /* LocationDetailView.swift in Sources */,
				C4E85BA2281C1EDC00DF6AA8 /* DDGProfile.swift in Sources */,
				C4E094AB281C1B830016A1D7 /* DDGLocation.swift in Sources */,
				F4907A2A27E4A72B008EA198 /* AppTabView.swift in Sources */,
				F4907A3427E4E28C008EA198 /* AvatarView.swift in Sources */,
				C4988E41287855D500E58182 /* AlertItem.swift in Sources */,
				C4E85BA7281C23ED00DF6AA8 /* CloudKitManager.swift in Sources */,
				F4907A3A27E4E532008EA198 /* View+Ext.swift in Sources */,
				F4907A3C27E4E68F008EA198 /* DDBButton.swift in Sources */,
				F4907A3627E4E2C7008EA198 /* LocationCell.swift in Sources */,
				F4907A3027E4A791008EA198 /* ProfileView.swift in Sources */,
				F4907A2827E4A6B8008EA198 /* Color+Ext.swift in Sources */,
			);
			runOnlyForDeploymentPostprocessing = 0;
		};
		F4907A0227E4A411008EA198 /* Sources */ = {
			isa = PBXSourcesBuildPhase;
			buildActionMask = 2147483647;
			files = (
				F4907A0B27E4A411008EA198 /* DubDubGrubTests.swift in Sources */,
			);
			runOnlyForDeploymentPostprocessing = 0;
		};
		F4907A0C27E4A411008EA198 /* Sources */ = {
			isa = PBXSourcesBuildPhase;
			buildActionMask = 2147483647;
			files = (
				F4907A1727E4A411008EA198 /* DubDubGrubUITestsLaunchTests.swift in Sources */,
				F4907A1527E4A411008EA198 /* DubDubGrubUITests.swift in Sources */,
			);
			runOnlyForDeploymentPostprocessing = 0;
		};
/* End PBXSourcesBuildPhase section */

/* Begin PBXTargetDependency section */
		F4907A0827E4A411008EA198 /* PBXTargetDependency */ = {
			isa = PBXTargetDependency;
			target = F49079F527E4A40D008EA198 /* DubDubGrub */;
			targetProxy = F4907A0727E4A411008EA198 /* PBXContainerItemProxy */;
		};
		F4907A1227E4A411008EA198 /* PBXTargetDependency */ = {
			isa = PBXTargetDependency;
			target = F49079F527E4A40D008EA198 /* DubDubGrub */;
			targetProxy = F4907A1127E4A411008EA198 /* PBXContainerItemProxy */;
		};
/* End PBXTargetDependency section */

/* Begin XCBuildConfiguration section */
		F4907A1827E4A411008EA198 /* Debug */ = {
			isa = XCBuildConfiguration;
			buildSettings = {
				ALWAYS_SEARCH_USER_PATHS = NO;
				CLANG_ANALYZER_NONNULL = YES;
				CLANG_ANALYZER_NUMBER_OBJECT_CONVERSION = YES_AGGRESSIVE;
				CLANG_CXX_LANGUAGE_STANDARD = "gnu++17";
				CLANG_ENABLE_MODULES = YES;
				CLANG_ENABLE_OBJC_ARC = YES;
				CLANG_ENABLE_OBJC_WEAK = YES;
				CLANG_WARN_BLOCK_CAPTURE_AUTORELEASING = YES;
				CLANG_WARN_BOOL_CONVERSION = YES;
				CLANG_WARN_COMMA = YES;
				CLANG_WARN_CONSTANT_CONVERSION = YES;
				CLANG_WARN_DEPRECATED_OBJC_IMPLEMENTATIONS = YES;
				CLANG_WARN_DIRECT_OBJC_ISA_USAGE = YES_ERROR;
				CLANG_WARN_DOCUMENTATION_COMMENTS = YES;
				CLANG_WARN_EMPTY_BODY = YES;
				CLANG_WARN_ENUM_CONVERSION = YES;
				CLANG_WARN_INFINITE_RECURSION = YES;
				CLANG_WARN_INT_CONVERSION = YES;
				CLANG_WARN_NON_LITERAL_NULL_CONVERSION = YES;
				CLANG_WARN_OBJC_IMPLICIT_RETAIN_SELF = YES;
				CLANG_WARN_OBJC_LITERAL_CONVERSION = YES;
				CLANG_WARN_OBJC_ROOT_CLASS = YES_ERROR;
				CLANG_WARN_QUOTED_INCLUDE_IN_FRAMEWORK_HEADER = YES;
				CLANG_WARN_RANGE_LOOP_ANALYSIS = YES;
				CLANG_WARN_STRICT_PROTOTYPES = YES;
				CLANG_WARN_SUSPICIOUS_MOVE = YES;
				CLANG_WARN_UNGUARDED_AVAILABILITY = YES_AGGRESSIVE;
				CLANG_WARN_UNREACHABLE_CODE = YES;
				CLANG_WARN__DUPLICATE_METHOD_MATCH = YES;
				COPY_PHASE_STRIP = NO;
				DEBUG_INFORMATION_FORMAT = dwarf;
				ENABLE_STRICT_OBJC_MSGSEND = YES;
				ENABLE_TESTABILITY = YES;
				GCC_C_LANGUAGE_STANDARD = gnu11;
				GCC_DYNAMIC_NO_PIC = NO;
				GCC_NO_COMMON_BLOCKS = YES;
				GCC_OPTIMIZATION_LEVEL = 0;
				GCC_PREPROCESSOR_DEFINITIONS = (
					"DEBUG=1",
					"$(inherited)",
				);
				GCC_WARN_64_TO_32_BIT_CONVERSION = YES;
				GCC_WARN_ABOUT_RETURN_TYPE = YES_ERROR;
				GCC_WARN_UNDECLARED_SELECTOR = YES;
				GCC_WARN_UNINITIALIZED_AUTOS = YES_AGGRESSIVE;
				GCC_WARN_UNUSED_FUNCTION = YES;
				GCC_WARN_UNUSED_VARIABLE = YES;
				IPHONEOS_DEPLOYMENT_TARGET = 15.4;
				MTL_ENABLE_DEBUG_INFO = INCLUDE_SOURCE;
				MTL_FAST_MATH = YES;
				ONLY_ACTIVE_ARCH = YES;
				SDKROOT = iphoneos;
				SWIFT_ACTIVE_COMPILATION_CONDITIONS = DEBUG;
				SWIFT_OPTIMIZATION_LEVEL = "-Onone";
			};
			name = Debug;
		};
		F4907A1927E4A411008EA198 /* Release */ = {
			isa = XCBuildConfiguration;
			buildSettings = {
				ALWAYS_SEARCH_USER_PATHS = NO;
				CLANG_ANALYZER_NONNULL = YES;
				CLANG_ANALYZER_NUMBER_OBJECT_CONVERSION = YES_AGGRESSIVE;
				CLANG_CXX_LANGUAGE_STANDARD = "gnu++17";
				CLANG_ENABLE_MODULES = YES;
				CLANG_ENABLE_OBJC_ARC = YES;
				CLANG_ENABLE_OBJC_WEAK = YES;
				CLANG_WARN_BLOCK_CAPTURE_AUTORELEASING = YES;
				CLANG_WARN_BOOL_CONVERSION = YES;
				CLANG_WARN_COMMA = YES;
				CLANG_WARN_CONSTANT_CONVERSION = YES;
				CLANG_WARN_DEPRECATED_OBJC_IMPLEMENTATIONS = YES;
				CLANG_WARN_DIRECT_OBJC_ISA_USAGE = YES_ERROR;
				CLANG_WARN_DOCUMENTATION_COMMENTS = YES;
				CLANG_WARN_EMPTY_BODY = YES;
				CLANG_WARN_ENUM_CONVERSION = YES;
				CLANG_WARN_INFINITE_RECURSION = YES;
				CLANG_WARN_INT_CONVERSION = YES;
				CLANG_WARN_NON_LITERAL_NULL_CONVERSION = YES;
				CLANG_WARN_OBJC_IMPLICIT_RETAIN_SELF = YES;
				CLANG_WARN_OBJC_LITERAL_CONVERSION = YES;
				CLANG_WARN_OBJC_ROOT_CLASS = YES_ERROR;
				CLANG_WARN_QUOTED_INCLUDE_IN_FRAMEWORK_HEADER = YES;
				CLANG_WARN_RANGE_LOOP_ANALYSIS = YES;
				CLANG_WARN_STRICT_PROTOTYPES = YES;
				CLANG_WARN_SUSPICIOUS_MOVE = YES;
				CLANG_WARN_UNGUARDED_AVAILABILITY = YES_AGGRESSIVE;
				CLANG_WARN_UNREACHABLE_CODE = YES;
				CLANG_WARN__DUPLICATE_METHOD_MATCH = YES;
				COPY_PHASE_STRIP = NO;
				DEBUG_INFORMATION_FORMAT = "dwarf-with-dsym";
				ENABLE_NS_ASSERTIONS = NO;
				ENABLE_STRICT_OBJC_MSGSEND = YES;
				GCC_C_LANGUAGE_STANDARD = gnu11;
				GCC_NO_COMMON_BLOCKS = YES;
				GCC_WARN_64_TO_32_BIT_CONVERSION = YES;
				GCC_WARN_ABOUT_RETURN_TYPE = YES_ERROR;
				GCC_WARN_UNDECLARED_SELECTOR = YES;
				GCC_WARN_UNINITIALIZED_AUTOS = YES_AGGRESSIVE;
				GCC_WARN_UNUSED_FUNCTION = YES;
				GCC_WARN_UNUSED_VARIABLE = YES;
				IPHONEOS_DEPLOYMENT_TARGET = 15.4;
				MTL_ENABLE_DEBUG_INFO = NO;
				MTL_FAST_MATH = YES;
				SDKROOT = iphoneos;
				SWIFT_COMPILATION_MODE = wholemodule;
				SWIFT_OPTIMIZATION_LEVEL = "-O";
				VALIDATE_PRODUCT = YES;
			};
			name = Release;
		};
		F4907A1B27E4A411008EA198 /* Debug */ = {
			isa = XCBuildConfiguration;
			buildSettings = {
				ASSETCATALOG_COMPILER_APPICON_NAME = AppIcon;
				ASSETCATALOG_COMPILER_GLOBAL_ACCENT_COLOR_NAME = AccentColor;
				CODE_SIGN_ENTITLEMENTS = DubDubGrub/DubDubGrub.entitlements;
				CODE_SIGN_STYLE = Automatic;
				CURRENT_PROJECT_VERSION = 1;
				DEVELOPMENT_ASSET_PATHS = "\"DubDubGrub/Preview Content\"";
				DEVELOPMENT_TEAM = XKJYQT6B4R;
				ENABLE_PREVIEWS = YES;
				GENERATE_INFOPLIST_FILE = YES;
				INFOPLIST_KEY_UIApplicationSceneManifest_Generation = YES;
				INFOPLIST_KEY_UIApplicationSupportsIndirectInputEvents = YES;
				INFOPLIST_KEY_UILaunchScreen_Generation = YES;
				INFOPLIST_KEY_UISupportedInterfaceOrientations_iPad = "UIInterfaceOrientationPortrait UIInterfaceOrientationPortraitUpsideDown UIInterfaceOrientationLandscapeLeft UIInterfaceOrientationLandscapeRight";
				INFOPLIST_KEY_UISupportedInterfaceOrientations_iPhone = "UIInterfaceOrientationPortrait UIInterfaceOrientationLandscapeLeft UIInterfaceOrientationLandscapeRight";
				LD_RUNPATH_SEARCH_PATHS = (
					"$(inherited)",
					"@executable_path/Frameworks",
				);
				MARKETING_VERSION = 1.0;
				PRODUCT_BUNDLE_IDENTIFIER = oliwia.personal.DubDubGrub;
				PRODUCT_NAME = "$(TARGET_NAME)";
				SWIFT_EMIT_LOC_STRINGS = YES;
				SWIFT_VERSION = 5.0;
				TARGETED_DEVICE_FAMILY = "1,2";
			};
			name = Debug;
		};
		F4907A1C27E4A411008EA198 /* Release */ = {
			isa = XCBuildConfiguration;
			buildSettings = {
				ASSETCATALOG_COMPILER_APPICON_NAME = AppIcon;
				ASSETCATALOG_COMPILER_GLOBAL_ACCENT_COLOR_NAME = AccentColor;
				CODE_SIGN_ENTITLEMENTS = DubDubGrub/DubDubGrub.entitlements;
				CODE_SIGN_IDENTITY = "Apple Development";
				CODE_SIGN_STYLE = Automatic;
				CURRENT_PROJECT_VERSION = 1;
				DEVELOPMENT_ASSET_PATHS = "\"DubDubGrub/Preview Content\"";
				DEVELOPMENT_TEAM = XKJYQT6B4R;
				ENABLE_PREVIEWS = YES;
				GENERATE_INFOPLIST_FILE = YES;
				INFOPLIST_KEY_UIApplicationSceneManifest_Generation = YES;
				INFOPLIST_KEY_UIApplicationSupportsIndirectInputEvents = YES;
				INFOPLIST_KEY_UILaunchScreen_Generation = YES;
				INFOPLIST_KEY_UISupportedInterfaceOrientations_iPad = "UIInterfaceOrientationPortrait UIInterfaceOrientationPortraitUpsideDown UIInterfaceOrientationLandscapeLeft UIInterfaceOrientationLandscapeRight";
				INFOPLIST_KEY_UISupportedInterfaceOrientations_iPhone = "UIInterfaceOrientationPortrait UIInterfaceOrientationLandscapeLeft UIInterfaceOrientationLandscapeRight";
				LD_RUNPATH_SEARCH_PATHS = (
					"$(inherited)",
					"@executable_path/Frameworks",
				);
				MARKETING_VERSION = 1.0;
				PRODUCT_BUNDLE_IDENTIFIER = oliwia.personal.DubDubGrub;
				PRODUCT_NAME = "$(TARGET_NAME)";
				PROVISIONING_PROFILE_SPECIFIER = "";
				SWIFT_EMIT_LOC_STRINGS = YES;
				SWIFT_VERSION = 5.0;
				TARGETED_DEVICE_FAMILY = "1,2";
			};
			name = Release;
		};
		F4907A1E27E4A411008EA198 /* Debug */ = {
			isa = XCBuildConfiguration;
			buildSettings = {
				ALWAYS_EMBED_SWIFT_STANDARD_LIBRARIES = YES;
				BUNDLE_LOADER = "$(TEST_HOST)";
				CODE_SIGN_STYLE = Automatic;
				CURRENT_PROJECT_VERSION = 1;
				GENERATE_INFOPLIST_FILE = YES;
				IPHONEOS_DEPLOYMENT_TARGET = 15.4;
				MARKETING_VERSION = 1.0;
				PRODUCT_BUNDLE_IDENTIFIER = oliwia.DubDubGrubTests;
				PRODUCT_NAME = "$(TARGET_NAME)";
				SWIFT_EMIT_LOC_STRINGS = NO;
				SWIFT_VERSION = 5.0;
				TARGETED_DEVICE_FAMILY = "1,2";
				TEST_HOST = "$(BUILT_PRODUCTS_DIR)/DubDubGrub.app/DubDubGrub";
			};
			name = Debug;
		};
		F4907A1F27E4A411008EA198 /* Release */ = {
			isa = XCBuildConfiguration;
			buildSettings = {
				ALWAYS_EMBED_SWIFT_STANDARD_LIBRARIES = YES;
				BUNDLE_LOADER = "$(TEST_HOST)";
				CODE_SIGN_STYLE = Automatic;
				CURRENT_PROJECT_VERSION = 1;
				GENERATE_INFOPLIST_FILE = YES;
				IPHONEOS_DEPLOYMENT_TARGET = 15.4;
				MARKETING_VERSION = 1.0;
				PRODUCT_BUNDLE_IDENTIFIER = oliwia.DubDubGrubTests;
				PRODUCT_NAME = "$(TARGET_NAME)";
				SWIFT_EMIT_LOC_STRINGS = NO;
				SWIFT_VERSION = 5.0;
				TARGETED_DEVICE_FAMILY = "1,2";
				TEST_HOST = "$(BUILT_PRODUCTS_DIR)/DubDubGrub.app/DubDubGrub";
			};
			name = Release;
		};
		F4907A2127E4A411008EA198 /* Debug */ = {
			isa = XCBuildConfiguration;
			buildSettings = {
				ALWAYS_EMBED_SWIFT_STANDARD_LIBRARIES = YES;
				CODE_SIGN_STYLE = Automatic;
				CURRENT_PROJECT_VERSION = 1;
				GENERATE_INFOPLIST_FILE = YES;
				MARKETING_VERSION = 1.0;
				PRODUCT_BUNDLE_IDENTIFIER = oliwia.DubDubGrubUITests;
				PRODUCT_NAME = "$(TARGET_NAME)";
				SWIFT_EMIT_LOC_STRINGS = NO;
				SWIFT_VERSION = 5.0;
				TARGETED_DEVICE_FAMILY = "1,2";
				TEST_TARGET_NAME = DubDubGrub;
			};
			name = Debug;
		};
		F4907A2227E4A411008EA198 /* Release */ = {
			isa = XCBuildConfiguration;
			buildSettings = {
				ALWAYS_EMBED_SWIFT_STANDARD_LIBRARIES = YES;
				CODE_SIGN_STYLE = Automatic;
				CURRENT_PROJECT_VERSION = 1;
				GENERATE_INFOPLIST_FILE = YES;
				MARKETING_VERSION = 1.0;
				PRODUCT_BUNDLE_IDENTIFIER = oliwia.DubDubGrubUITests;
				PRODUCT_NAME = "$(TARGET_NAME)";
				SWIFT_EMIT_LOC_STRINGS = NO;
				SWIFT_VERSION = 5.0;
				TARGETED_DEVICE_FAMILY = "1,2";
				TEST_TARGET_NAME = DubDubGrub;
			};
			name = Release;
		};
/* End XCBuildConfiguration section */

/* Begin XCConfigurationList section */
		F49079F127E4A40C008EA198 /* Build configuration list for PBXProject "DubDubGrub" */ = {
			isa = XCConfigurationList;
			buildConfigurations = (
				F4907A1827E4A411008EA198 /* Debug */,
				F4907A1927E4A411008EA198 /* Release */,
			);
			defaultConfigurationIsVisible = 0;
			defaultConfigurationName = Release;
		};
		F4907A1A27E4A411008EA198 /* Build configuration list for PBXNativeTarget "DubDubGrub" */ = {
			isa = XCConfigurationList;
			buildConfigurations = (
				F4907A1B27E4A411008EA198 /* Debug */,
				F4907A1C27E4A411008EA198 /* Release */,
			);
			defaultConfigurationIsVisible = 0;
			defaultConfigurationName = Release;
		};
		F4907A1D27E4A411008EA198 /* Build configuration list for PBXNativeTarget "DubDubGrubTests" */ = {
			isa = XCConfigurationList;
			buildConfigurations = (
				F4907A1E27E4A411008EA198 /* Debug */,
				F4907A1F27E4A411008EA198 /* Release */,
			);
			defaultConfigurationIsVisible = 0;
			defaultConfigurationName = Release;
		};
		F4907A2027E4A411008EA198 /* Build configuration list for PBXNativeTarget "DubDubGrubUITests" */ = {
			isa = XCConfigurationList;
			buildConfigurations = (
				F4907A2127E4A411008EA198 /* Debug */,
				F4907A2227E4A411008EA198 /* Release */,
			);
			defaultConfigurationIsVisible = 0;
			defaultConfigurationName = Release;
		};
/* End XCConfigurationList section */
	};
	rootObject = F49079EE27E4A40C008EA198 /* Project object */;
}
